
Microsoft Visual Studio Solution File, Format Version 12.00
# Visual Studio Version 17
VisualStudioVersion = 17.1.32414.318
MinimumVisualStudioVersion = 10.0.40219.1
Project("{9A19103F-16F7-4668-BE54-9A1E7A4F7556}") = "SCLL", "SCLL.csproj", "{B42BEBB5-7682-48DD-AC66-A52903FD9EF6}"
EndProject
Project("{9A19103F-16F7-4668-BE54-9A1E7A4F7556}") = "netTest", "..\streamTest\netTest.csproj", "{EE81E74E-1DE4-41E4-99F2-CF26B5EDFADA}"
EndProject
Project("{9A19103F-16F7-4668-BE54-9A1E7A4F7556}") = "ScllTests", "SCLL.Tests\ScllTests.csproj", "{8A89CCF5-82A5-43A2-ABC4-7EAB0E01EE6A}"
EndProject
Project("{FAE04EC0-301F-11D3-BF4B-00C04F79EFBC}") = "uvoxTest1", "..\uvoxTest1\uvoxTest1.csproj", "{DED0454B-04D2-4627-807C-E9D7544611DC}"
EndProject
Global
	GlobalSection(SolutionConfigurationPlatforms) = preSolution
		Debug|Any CPU = Debug|Any CPU
		Release|Any CPU = Release|Any CPU
	EndGlobalSection
	GlobalSection(ProjectConfigurationPlatforms) = postSolution
		{B42BEBB5-7682-48DD-AC66-A52903FD9EF6}.Debug|Any CPU.ActiveCfg = Debug|Any CPU
		{B42BEBB5-7682-48DD-AC66-A52903FD9EF6}.Debug|Any CPU.Build.0 = Debug|Any CPU
		{B42BEBB5-7682-48DD-AC66-A52903FD9EF6}.Release|Any CPU.ActiveCfg = Release|Any CPU
		{B42BEBB5-7682-48DD-AC66-A52903FD9EF6}.Release|Any CPU.Build.0 = Release|Any CPU
		{EE81E74E-1DE4-41E4-99F2-CF26B5EDFADA}.Debug|Any CPU.ActiveCfg = Debug|Any CPU
		{EE81E74E-1DE4-41E4-99F2-CF26B5EDFADA}.Debug|Any CPU.Build.0 = Debug|Any CPU
		{EE81E74E-1DE4-41E4-99F2-CF26B5EDFADA}.Release|Any CPU.ActiveCfg = Release|Any CPU
		{EE81E74E-1DE4-41E4-99F2-CF26B5EDFADA}.Release|Any CPU.Build.0 = Release|Any CPU
		{8A89CCF5-82A5-43A2-ABC4-7EAB0E01EE6A}.Debug|Any CPU.ActiveCfg = Debug|Any CPU
		{8A89CCF5-82A5-43A2-ABC4-7EAB0E01EE6A}.Debug|Any CPU.Build.0 = Debug|Any CPU
		{8A89CCF5-82A5-43A2-ABC4-7EAB0E01EE6A}.Release|Any CPU.ActiveCfg = Release|Any CPU
		{8A89CCF5-82A5-43A2-ABC4-7EAB0E01EE6A}.Release|Any CPU.Build.0 = Release|Any CPU
		{DED0454B-04D2-4627-807C-E9D7544611DC}.Debug|Any CPU.ActiveCfg = Debug|Any CPU
		{DED0454B-04D2-4627-807C-E9D7544611DC}.Debug|Any CPU.Build.0 = Debug|Any CPU
		{DED0454B-04D2-4627-807C-E9D7544611DC}.Release|Any CPU.ActiveCfg = Release|Any CPU
		{DED0454B-04D2-4627-807C-E9D7544611DC}.Release|Any CPU.Build.0 = Release|Any CPU
	EndGlobalSection
	GlobalSection(SolutionProperties) = preSolution
		HideSolutionNode = FALSE
	EndGlobalSection
	GlobalSection(ExtensibilityGlobals) = postSolution
		SolutionGuid = {7FC05FA5-B758-4677-AA71-1924B8D38CEF}
	EndGlobalSection
EndGlobal
