
Microsoft Visual Studio Solution File, Format Version 12.00
# Visual Studio Version 17
VisualStudioVersion = 17.1.32414.318
MinimumVisualStudioVersion = 10.0.40219.1
Project("{9A19103F-16F7-4668-BE54-9A1E7A4F7556}") = "SCLL", "SCLL.csproj", "{B42BEBB5-7682-48DD-AC66-A52903FD9EF6}"
EndProject
Project("{9A19103F-16F7-4668-BE54-9A1E7A4F7556}") = "netTest", "..\streamTest\netTest.csproj", "{EE81E74E-1DE4-41E4-99F2-CF26B5EDFADA}"
EndProject
Project("{9A19103F-16F7-4668-BE54-9A1E7A4F7556}") = "ScllTests", "SCLL.Tests\ScllTests.csproj", "{EAC654C3-D5BF-406F-86A6-EA3EF16E7DEF}"
EndProject
Global
	GlobalSection(SolutionConfigurationPlatforms) = preSolution
		Debug|Any CPU = Debug|Any CPU
		Release|Any CPU = Release|Any CPU
	EndGlobalSection
	GlobalSection(ProjectConfigurationPlatforms) = postSolution
		{B42BEBB5-7682-48DD-AC66-A52903FD9EF6}.Debug|Any CPU.ActiveCfg = Debug|Any CPU
		{B42BEBB5-7682-48DD-AC66-A52903FD9EF6}.Debug|Any CPU.Build.0 = Debug|Any CPU
		{B42BEBB5-7682-48DD-AC66-A52903FD9EF6}.Release|Any CPU.ActiveCfg = Release|Any CPU
		{B42BEBB5-7682-48DD-AC66-A52903FD9EF6}.Release|Any CPU.Build.0 = Release|Any CPU
		{EE81E74E-1DE4-41E4-99F2-CF26B5EDFADA}.Debug|Any CPU.ActiveCfg = Debug|Any CPU
		{EE81E74E-1DE4-41E4-99F2-CF26B5EDFADA}.Debug|Any CPU.Build.0 = Debug|Any CPU
		{EE81E74E-1DE4-41E4-99F2-CF26B5EDFADA}.Release|Any CPU.ActiveCfg = Release|Any CPU
		{EE81E74E-1DE4-41E4-99F2-CF26B5EDFADA}.Release|Any CPU.Build.0 = Release|Any CPU
		{EAC654C3-D5BF-406F-86A6-EA3EF16E7DEF}.Debug|Any CPU.ActiveCfg = Debug|Any CPU
		{EAC654C3-D5BF-406F-86A6-EA3EF16E7DEF}.Debug|Any CPU.Build.0 = Debug|Any CPU
		{EAC654C3-D5BF-406F-86A6-EA3EF16E7DEF}.Release|Any CPU.ActiveCfg = Release|Any CPU
		{EAC654C3-D5BF-406F-86A6-EA3EF16E7DEF}.Release|Any CPU.Build.0 = Release|Any CPU
	EndGlobalSection
	GlobalSection(SolutionProperties) = preSolution
		HideSolutionNode = FALSE
	EndGlobalSection
	GlobalSection(ExtensibilityGlobals) = postSolution
		SolutionGuid = {7FC05FA5-B758-4677-AA71-1924B8D38CEF}
	EndGlobalSection
EndGlobal
